PODS:
  - Alamofire (4.8.2)
  - ALTextInputBar (1.1.8)
  - Arrow (5.0.0)
  - BoringSSL-GRPC (0.0.3):
    - BoringSSL-GRPC/Implementation (= 0.0.3)
    - BoringSSL-GRPC/Interface (= 0.0.3)
  - BoringSSL-GRPC/Implementation (0.0.3):
    - BoringSSL-GRPC/Interface (= 0.0.3)
  - BoringSSL-GRPC/Interface (0.0.3)
  - ContentSheet (0.2-beta-7)
  - Firebase/Core (6.10.0):
    - Firebase/CoreOnly
    - FirebaseAnalytics (= 6.1.3)
  - Firebase/CoreOnly (6.10.0):
    - FirebaseCore (= 6.3.1)
  - Firebase/Firestore (6.10.0):
    - Firebase/CoreOnly
    - FirebaseFirestore (~> 1.6.0)
  - FirebaseAnalytics (6.1.3):
    - FirebaseCore (~> 6.3)
    - FirebaseInstanceID (~> 4.2)
    - GoogleAppMeasurement (= 6.1.3)
    - GoogleUtilities/AppDelegateSwizzler (~> 6.0)
    - GoogleUtilities/MethodSwizzler (~> 6.0)
    - GoogleUtilities/Network (~> 6.0)
    - "GoogleUtilities/NSData+zlib (~> 6.0)"
    - nanopb (~> 0.3.901)
  - FirebaseAuthInterop (1.0.0)
  - FirebaseCore (6.3.1):
    - FirebaseCoreDiagnostics (~> 1.0)
    - FirebaseCoreDiagnosticsInterop (~> 1.0)
    - GoogleUtilities/Environment (~> 6.2)
    - GoogleUtilities/Logger (~> 6.2)
  - FirebaseCoreDiagnostics (1.1.1):
    - FirebaseCoreDiagnosticsInterop (~> 1.0)
    - GoogleDataTransportCCTSupport (~> 1.0)
    - GoogleUtilities/Environment (~> 6.2)
    - GoogleUtilities/Logger (~> 6.2)
    - nanopb (~> 0.3.901)
  - FirebaseCoreDiagnosticsInterop (1.0.0)
  - FirebaseFirestore (1.6.0):
    - FirebaseAuthInterop (~> 1.0)
    - FirebaseCore (~> 6.2)
    - FirebaseFirestore/abseil-cpp (= 1.6.0)
    - "gRPC-C++ (= 0.0.9)"
    - leveldb-library (~> 1.22)
    - nanopb (~> 0.3.901)
    - Protobuf (>= 3.9.2, ~> 3.9)
  - FirebaseFirestore/abseil-cpp (1.6.0):
    - FirebaseAuthInterop (~> 1.0)
    - FirebaseCore (~> 6.2)
    - "gRPC-C++ (= 0.0.9)"
    - leveldb-library (~> 1.22)
    - nanopb (~> 0.3.901)
    - Protobuf (>= 3.9.2, ~> 3.9)
  - FirebaseInstanceID (4.2.5):
    - FirebaseCore (~> 6.0)
    - GoogleUtilities/Environment (~> 6.0)
    - GoogleUtilities/UserDefaults (~> 6.0)
  - GoogleAppMeasurement (6.1.3):
    - GoogleUtilities/AppDelegateSwizzler (~> 6.0)
    - GoogleUtilities/MethodSwizzler (~> 6.0)
    - GoogleUtilities/Network (~> 6.0)
    - "GoogleUtilities/NSData+zlib (~> 6.0)"
    - nanopb (~> 0.3.901)
  - GoogleDataTransport (3.0.0)
  - GoogleDataTransportCCTSupport (1.2.0):
    - GoogleDataTransport (~> 3.0)
    - nanopb (~> 0.3.901)
  - GoogleUtilities/AppDelegateSwizzler (6.3.1):
    - GoogleUtilities/Environment
    - GoogleUtilities/Logger
    - GoogleUtilities/Network
  - GoogleUtilities/Environment (6.3.1)
  - GoogleUtilities/Logger (6.3.1):
    - GoogleUtilities/Environment
  - GoogleUtilities/MethodSwizzler (6.3.1):
    - GoogleUtilities/Logger
  - GoogleUtilities/Network (6.3.1):
    - GoogleUtilities/Logger
    - "GoogleUtilities/NSData+zlib"
    - GoogleUtilities/Reachability
  - "GoogleUtilities/NSData+zlib (6.3.1)"
  - GoogleUtilities/Reachability (6.3.1):
    - GoogleUtilities/Logger
  - GoogleUtilities/UserDefaults (6.3.1):
    - GoogleUtilities/Logger
  - "gRPC-C++ (0.0.9)":
    - "gRPC-C++/Implementation (= 0.0.9)"
    - "gRPC-C++/Interface (= 0.0.9)"
  - "gRPC-C++/Implementation (0.0.9)":
    - "gRPC-C++/Interface (= 0.0.9)"
    - gRPC-Core (= 1.21.0)
    - nanopb (~> 0.3)
  - "gRPC-C++/Interface (0.0.9)"
  - gRPC-Core (1.21.0):
    - gRPC-Core/Implementation (= 1.21.0)
    - gRPC-Core/Interface (= 1.21.0)
  - gRPC-Core/Implementation (1.21.0):
    - BoringSSL-GRPC (= 0.0.3)
    - gRPC-Core/Interface (= 1.21.0)
    - nanopb (~> 0.3)
  - gRPC-Core/Interface (1.21.0)
  - hkAlium (1.0.4)
  - IQKeyboardManagerSwift (6.5.1)
  - KVNProgress (2.3.5)
  - leveldb-library (1.22)
  - nanopb (0.3.901):
    - nanopb/decode (= 0.3.901)
    - nanopb/encode (= 0.3.901)
  - nanopb/decode (0.3.901)
  - nanopb/encode (0.3.901)
  - Protobuf (3.10.0)
  - SDWebImage (3.8.3):
    - SDWebImage/Core (= 3.8.3)
  - SDWebImage/Core (3.8.3)
  - SwiftEventBus (5.0.0)
  - XLPagerTabStrip (9.0.0)

DEPENDENCIES:
  - Alamofire
  - ALTextInputBar
  - Arrow
  - ContentSheet (from `https://github.com/flipkart-incubator/ContentSheet`)
  - Firebase/Core
  - Firebase/Firestore
  - hkAlium
  - IQKeyboardManagerSwift (from `https://github.com/hackiftekhar/IQKeyboardManager`)
  - KVNProgress
  - SDWebImage (~> 3.8)
  - SwiftEventBus (from `https://github.com/cesarferreira/SwiftEventBus.git`)
  - XLPagerTabStrip

SPEC REPOS:
  https://github.com/cocoapods/specs.git:
    - Alamofire
    - ALTextInputBar
    - Arrow
    - BoringSSL-GRPC
    - Firebase
    - FirebaseAnalytics
    - FirebaseAuthInterop
    - FirebaseCore
    - FirebaseCoreDiagnostics
    - FirebaseCoreDiagnosticsInterop
    - FirebaseFirestore
    - FirebaseInstanceID
    - GoogleAppMeasurement
    - GoogleDataTransport
    - GoogleDataTransportCCTSupport
    - GoogleUtilities
    - "gRPC-C++"
    - gRPC-Core
    - hkAlium
    - KVNProgress
    - leveldb-library
    - nanopb
    - Protobuf
    - SDWebImage
    - XLPagerTabStrip

EXTERNAL SOURCES:
  ContentSheet:
    :git: https://github.com/flipkart-incubator/ContentSheet
  IQKeyboardManagerSwift:
    :git: https://github.com/hackiftekhar/IQKeyboardManager
  SwiftEventBus:
    :git: https://github.com/cesarferreira/SwiftEventBus.git

CHECKOUT OPTIONS:
  ContentSheet:
    :commit: 5aca2fa8378bcc91072002884c20dcd0dcaf3f80
    :git: https://github.com/flipkart-incubator/ContentSheet
  IQKeyboardManagerSwift:
    :commit: 789d6d70c9ed54a0c1664c5ba3a844e2a952d4b5
    :git: https://github.com/hackiftekhar/IQKeyboardManager
  SwiftEventBus:
    :commit: e34a15dadd0890f398b9c23d5f0fcfbe60d7e74d
    :git: https://github.com/cesarferreira/SwiftEventBus.git

SPEC CHECKSUMS:
  Alamofire: ae5c501addb7afdbb13687d7f2f722c78734c2d3
  ALTextInputBar: 6c160c51958903c5f7b9d158e19f9c4113ae351b
  Arrow: ac60441ee99f2e648e441d4ee8b29fe1d65fbe75
  BoringSSL-GRPC: db8764df3204ccea016e1c8dd15d9a9ad63ff318
  ContentSheet: 3336909f2c0bffac249f05c5d15a5fbaa6ab90aa
  Firebase: 5e6b7b12bf9adb90986688edc06b156c37e109cd
  FirebaseAnalytics: 0e3ecff2c5d86070f7d4325e21f1edabfbd558dc
  FirebaseAuthInterop: 0ffa57668be100582bb7643d4fcb7615496c41fc
  FirebaseCore: 064c2dd92a8ca5974bbdcb080df9921e46bd34cd
  FirebaseCoreDiagnostics: af29e43048607588c050889d19204f4d7b758c9f
  FirebaseCoreDiagnosticsInterop: 6829da2b8d1fc795ff1bd99df751d3788035d2cb
  FirebaseFirestore: 5a9e9a14305336e8d1a4f915a45ecf0f5d6dcaec
  FirebaseInstanceID: 550df9be1f99f751d8fcde3ac342a1e21a0e6c42
  GoogleAppMeasurement: 434cc7be25e71dc04b8d0e3079125127b330e84a
  GoogleDataTransport: f6fe28f43e3a300736854260961ad485b473edc5
  GoogleDataTransportCCTSupport: 862418a8cdda520c4dd4af83a756d04efe4a6990
  GoogleUtilities: f895fde57977df4e0233edda0dbeac490e3703b6
  "gRPC-C++": 9dfe7b44821e7b3e44aacad2af29d2c21f7cde83
  gRPC-Core: c9aef9a261a1247e881b18059b84d597293c9947
  hkAlium: f45d32ef3abec16a12826212202a9b25b97d26df
  IQKeyboardManagerSwift: 757de6f46365f527a4aff3d1110599d325b0a8f7
  KVNProgress: d7046cce142f1aeb740db39dc3cacfe910fac354
  leveldb-library: 55d93ee664b4007aac644a782d11da33fba316f7
  nanopb: 2901f78ea1b7b4015c860c2fdd1ea2fee1a18d48
  Protobuf: a4dc852ad69c027ca2166ed287b856697814375b
  SDWebImage: a72e880a8fe0f7fc31efe15aaed443c074d2a80c
  SwiftEventBus: b30f617a6aca5a9336464b4d3f5931034762f2d5
  XLPagerTabStrip: 61c57fd61f611ee5f01ff1495ad6fbee8bf496c5

PODFILE CHECKSUM: d51bb0a3e3e4c7dfd936313df14ea13565102638

COCOAPODS: 1.6.0.beta.2
